# This file is automatically @generated by Cargo.
# It is not intended for manual editing.
version = 4

[[package]]
name = "anstyle"
version = "1.0.14"
source = "registry+https://github.com/rust-lang/crates.io-index"
checksum = "940b3a0ca603d1eade50a4846a2afffd5ef57a9feac2c0e2ec2e14f9ead76000"

[[package]]
name = "cfg-if"
version = "1.0.4"
source = "registry+https://github.com/rust-lang/crates.io-index"
checksum = "9330f8b2ff13f34540b44e946ef35111825727b38d33286ef986142615121801"

[[package]]
name = "demo"
version = "0.1.0"
dependencies = [
 "mockall",
]

[[package]]
name = "downcast"
version = "0.11.0"
source = "registry+https://github.com/rust-lang/crates.io-index"
checksum = "1435fa1053d8b2fbbe9be7e97eca7f33d37b28409959813daefc1446a14247f1"

[[package]]
name = "fragile"
version = "2.1.0"
source = "registry+https://github.com/rust-lang/crates.io-index"
checksum = "8878864ba14bb86e818a412bfd6f18f9eabd4ec0f008a28e8f7eb61db532fcf9"
dependencies = [
 "futures-core",
]

[[package]]
name = "futures-core"
version = "0.3.32"
source = "registry+https://github.com/rust-lang/crates.io-index"
checksum = "7e3450815272ef58cec6d564423f6e755e25379b217b0bc688e295ba24df6b1d"

[[package]]
name = "mockall"
version = "0.14.0"
source = "registry+https://github.com/rust-lang/crates.io-index"
checksum = "f58d964098a5f9c6b63d0798e5372fd04708193510a7af313c22e9f29b7b620b"
dependencies = [
 "cfg-if",
 "downcast",
 "fragile",
 "mockall_derive",
 "predicates",
 "predicates-tree",
]

[[package]]
name = "mockall_derive"
version = "0.14.0"
source = "registry+https://github.com/rust-lang/crates.io-index"
checksum = "ca41ce716dda6a9be188b385aa78ee5260fc25cd3802cb2a8afdc6afbe6b6dbf"
dependencies = [
 "cfg-if",
 "proc-macro2",
 "quote",
 "syn",
]

[[package]]
name = "predicates"
version = "3.1.4"
source = "registry+https://github.com/rust-lang/crates.io-index"
checksum = "ada8f2932f28a27ee7b70dd6c1c39ea0675c55a36879ab92f3a715eaa1e63cfe"
dependencies = [
 "anstyle",
 "predicates-core",
]

[[package]]
name = "predicates-core"
version = "1.0.10"
source = "registry+https://github.com/rust-lang/crates.io-index"
checksum = "cad38746f3166b4031b1a0d39ad9f954dd291e7854fcc0eed52ee41a0b50d144"

[[package]]
name = "predicates-tree"
version = "1.0.13"
source = "registry+https://github.com/rust-lang/crates.io-index"
checksum = "d0de1b847b39c8131db0467e9df1ff60e6d0562ab8e9a16e568ad0fdb372e2f2"
dependencies = [
 "predicates-core",
 "termtree",
]

[[package]]
name = "proc-macro2"
version = "1.0.106"
source = "registry+https://github.com/rust-lang/crates.io-index"
checksum = "8fd00f0bb2e90d81d1044c2b32617f68fcb9fa3bb7640c23e9c748e53fb30934"
dependencies = [
 "unicode-ident",
]

[[package]]
name = "quote"
version = "1.0.45"
source = "registry+https://github.com/rust-lang/crates.io-index"
checksum = "41f2619966050689382d2b44f664f4bc593e129785a36d6ee376ddf37259b924"
dependencies = [
 "proc-macro2",
]

[[package]]
name = "syn"
version = "2.0.117"
source = "registry+https://github.com/rust-lang/crates.io-index"
checksum = "e665b8803e7b1d2a727f4023456bbbbe74da67099c585258af0ad9c5013b9b99"
dependencies = [
 "proc-macro2",
 "quote",
 "unicode-ident",
]

[[package]]
name = "termtree"
version = "0.5.1"
source = "registry+https://github.com/rust-lang/crates.io-index"
checksum = "8f50febec83f5ee1df3015341d8bd429f2d1cc62bcba7ea2076759d315084683"

[[package]]
name = "unicode-ident"
version = "1.0.24"
source = "registry+https://github.com/rust-lang/crates.io-index"
checksum = "e6e4313cd5fcd3dad5cafa179702e2b244f760991f45397d14d4ebf38247da75"
