# This file is automatically @generated by Cargo.
# It is not intended for manual editing.
version = 3

[[package]]
name = "cc"
version = "1.2.1"
source = "registry+https://github.com/rust-lang/crates.io-index"
checksum = "fd9de9f2205d5ef3fd67e685b0df337994ddd4495e2a28d185500d0e1edfea47"
dependencies = [
 "shlex",
]

[[package]]
name = "pkg-config"
version = "0.3.31"
source = "registry+https://github.com/rust-lang/crates.io-index"
checksum = "953ec861398dccce10c670dfeaf3ec4911ca479e9c02154b3a215178c5f566f2"

[[package]]
name = "shlex"
version = "1.3.0"
source = "registry+https://github.com/rust-lang/crates.io-index"
checksum = "0fda2ff0d084019ba4d7c6f371c95d8fd75ce3524c3cb8fb653a3023f6323e64"

[[package]]
name = "sqlite"
version = "0.36.1"
source = "registry+https://github.com/rust-lang/crates.io-index"
checksum = "5dfe6fb16f2bee6452feeb4d12bfa404fbcd3cfc121b2950e501d1ae9cae718e"
dependencies = [
 "sqlite3-sys",
]

[[package]]
name = "sqlite3-src"
version = "0.6.1"
source = "registry+https://github.com/rust-lang/crates.io-index"
checksum = "174d4a6df77c27db281fb23de1a6d968f3aaaa4807c2a1afa8056b971f947b4a"
dependencies = [
 "cc",
 "pkg-config",
]

[[package]]
name = "sqlite3-sys"
version = "0.17.0"
source = "registry+https://github.com/rust-lang/crates.io-index"
checksum = "3901ada7090c3c3584dc92ec7ef1b7091868d13bfe6d7de9f0bcaffee7d0ade5"
dependencies = [
 "sqlite3-src",
]

[[package]]
name = "with-autoincrement"
version = "0.1.0"
dependencies = [
 "sqlite",
]
