# This file is automatically @generated by Cargo.
# It is not intended for manual editing.
version = 4

[[package]]
name = "fork"
version = "0.1.23"
source = "registry+https://github.com/rust-lang/crates.io-index"
checksum = "60e74d3423998a57e9d906e49252fb79eb4a04d5cdfe188fb1b7ff9fc076a8ed"
dependencies = [
 "libc",
]

[[package]]
name = "libc"
version = "0.2.167"
source = "registry+https://github.com/rust-lang/crates.io-index"
checksum = "09d6582e104315a817dff97f75133544b2e094ee22447d2acf4a74e189ba06fc"

[[package]]
name = "show-forking"
version = "0.1.0"
dependencies = [
 "fork",
]
