# This file is automatically @generated by Cargo.
# It is not intended for manual editing.
version = 3

[[package]]
name = "cc"
version = "1.1.11"
source = "registry+https://github.com/rust-lang/crates.io-index"
checksum = "5fb8dd288a69fc53a1996d7ecfbf4a20d59065bff137ce7e56bbd620de191189"
dependencies = [
 "shlex",
]

[[package]]
name = "in-memory-insert-placeholders"
version = "0.1.0"
dependencies = [
 "sqlite",
]

[[package]]
name = "libc"
version = "0.2.155"
source = "registry+https://github.com/rust-lang/crates.io-index"
checksum = "97b3888a4aecf77e811145cadf6eef5901f4782c53886191b2f693f24761847c"

[[package]]
name = "pkg-config"
version = "0.3.30"
source = "registry+https://github.com/rust-lang/crates.io-index"
checksum = "d231b230927b5e4ad203db57bbcbee2802f6bce620b1e4a9024a07d94e2907ec"

[[package]]
name = "shlex"
version = "1.3.0"
source = "registry+https://github.com/rust-lang/crates.io-index"
checksum = "0fda2ff0d084019ba4d7c6f371c95d8fd75ce3524c3cb8fb653a3023f6323e64"

[[package]]
name = "sqlite"
version = "0.32.0"
source = "registry+https://github.com/rust-lang/crates.io-index"
checksum = "03801c10193857d6a4a71ec46cee198a15cbc659622aabe1db0d0bdbefbcf8e6"
dependencies = [
 "libc",
 "sqlite3-sys",
]

[[package]]
name = "sqlite3-src"
version = "0.5.1"
source = "registry+https://github.com/rust-lang/crates.io-index"
checksum = "bfc95a51a1ee38839599371685b9d4a926abb51791f0bc3bf8c3bb7867e6e454"
dependencies = [
 "cc",
 "pkg-config",
]

[[package]]
name = "sqlite3-sys"
version = "0.15.2"
source = "registry+https://github.com/rust-lang/crates.io-index"
checksum = "f2752c669433e40ebb08fde824146f50d9628aa0b66a3b7fc6be34db82a8063b"
dependencies = [
 "libc",
 "sqlite3-src",
]
