# This file is automatically @generated by Cargo.
# It is not intended for manual editing.
version = 3

[[package]]
name = "cc"
version = "1.0.95"
source = "registry+https://github.com/rust-lang/crates.io-index"
checksum = "d32a725bc159af97c3e629873bb9f88fb8cf8a4867175f76dc987815ea07c83b"

[[package]]
name = "file-lock"
version = "2.1.11"
source = "registry+https://github.com/rust-lang/crates.io-index"
checksum = "040b48f80a749da50292d0f47a1e2d5bf1d772f52836c07f64bfccc62ba6e664"
dependencies = [
 "cc",
 "libc",
]

[[package]]
name = "libc"
version = "0.2.153"
source = "registry+https://github.com/rust-lang/crates.io-index"
checksum = "9c198f91728a82281a64e1f4f9eeb25d82cb32a5de251c6bd1b5154d63a8e7bd"

[[package]]
name = "lock-file"
version = "0.1.0"
dependencies = [
 "file-lock",
]
